# THIS IS AN AUTOGENERATED FILE. DO NOT EDIT THIS FILE DIRECTLY.
# yarn lockfile v1


color-convert@^1.8.2:
  version "1.9.0"
  resolved "https://registry.yarnpkg.com/color-convert/-/color-convert-1.9.0.tgz#1accf97dd739b983bf994d56fec8f95853641b7a"
  dependencies:
    color-name "^1.1.1"

color-name@^1.0.0, color-name@^1.1.1:
  version "1.1.2"
  resolved "https://registry.yarnpkg.com/color-name/-/color-name-1.1.2.tgz#5c8ab72b64bd2215d617ae9559ebb148475cf98d"

color-string@^1.4.0:
  version "1.5.2"
  resolved "https://registry.yarnpkg.com/color-string/-/color-string-1.5.2.tgz#26e45814bc3c9a7cbd6751648a41434514a773a9"
  dependencies:
    color-name "^1.0.0"
    simple-swizzle "^0.2.2"

color@^1.0.3:
  version "1.0.3"
  resolved "https://registry.yarnpkg.com/color/-/color-1.0.3.tgz#e48e832d85f14ef694fb468811c2d5cfe729b55d"
  dependencies:
    color-convert "^1.8.2"
    color-string "^1.4.0"

email-regex@1.0.0:
  version "1.0.0"
  resolved "https://registry.yarnpkg.com/email-regex/-/email-regex-1.0.0.tgz#16c08f1fa8310907090127430a68562728bd029b"

escape-html@1.0.3:
  version "1.0.3"
  resolved "https://registry.yarnpkg.com/escape-html/-/escape-html-1.0.3.tgz#0258eae4d3d0c0974de1c169188ef0051d1d1988"

hyper-blink@latest:
  version "1.1.2"
  resolved "https://registry.yarnpkg.com/hyper-blink/-/hyper-blink-1.1.2.tgz#f804c9797a7c6ed53c02aa65b8487d19761fc72a"
  dependencies:
    lodash.throttle "^4.0.1"

hyper-chesterish@latest:
  version "1.2.7"
  resolved "https://registry.yarnpkg.com/hyper-chesterish/-/hyper-chesterish-1.2.7.tgz#ffcd76f97ce577bdd784ba39561437085144525d"

hyper-statusline@latest:
  version "1.6.9"
  resolved "https://registry.yarnpkg.com/hyper-statusline/-/hyper-statusline-1.6.9.tgz#419caf3c464b71f896869dfc08e4bd18a66510ca"
  dependencies:
    tildify "^1.2.0"

hyper-tabs-enhanced@latest:
  version "0.4.0"
  resolved "https://registry.yarnpkg.com/hyper-tabs-enhanced/-/hyper-tabs-enhanced-0.4.0.tgz#5089bdd1c015eb3710b2fe192d19becbad7ba28f"
  dependencies:
    color "^1.0.3"

hyperlinks@latest:
  version "0.5.0"
  resolved "https://registry.yarnpkg.com/hyperlinks/-/hyperlinks-0.5.0.tgz#e2e824d6f503653d26bf4e2735a3db24743f4d4e"
  dependencies:
    email-regex "1.0.0"
    escape-html "1.0.3"
    ip-regex "2.0.0"
    url-regex "4.0.0"

hyperterm-cursor@latest:
  version "0.0.3"
  resolved "https://registry.yarnpkg.com/hyperterm-cursor/-/hyperterm-cursor-0.0.3.tgz#824c9f69f9ddee8f16b33d7d104a88b8dcd17cbd"

hyperterm-themed-scrollbar@latest:
  version "1.0.3"
  resolved "https://registry.yarnpkg.com/hyperterm-themed-scrollbar/-/hyperterm-themed-scrollbar-1.0.3.tgz#e9ff3e1a91b98bff574606d5751e6cacbdbea36d"

ip-regex@2.0.0:
  version "2.0.0"
  resolved "https://registry.yarnpkg.com/ip-regex/-/ip-regex-2.0.0.tgz#913a92db023723d6d1a38b874c543893165b24ff"

ip-regex@^1.0.1:
  version "1.0.3"
  resolved "https://registry.yarnpkg.com/ip-regex/-/ip-regex-1.0.3.tgz#dc589076f659f419c222039a33316f1c7387effd"

is-arrayish@^0.3.1:
  version "0.3.1"
  resolved "https://registry.yarnpkg.com/is-arrayish/-/is-arrayish-0.3.1.tgz#c2dfc386abaa0c3e33c48db3fe87059e69065efd"

lodash.throttle@^4.0.1:
  version "4.1.1"
  resolved "https://registry.yarnpkg.com/lodash.throttle/-/lodash.throttle-4.1.1.tgz#c23e91b710242ac70c37f1e1cda9274cc39bf2f4"

os-homedir@^1.0.0:
  version "1.0.2"
  resolved "https://registry.yarnpkg.com/os-homedir/-/os-homedir-1.0.2.tgz#ffbc4988336e0e833de0c168c7ef152121aa7fb3"

simple-swizzle@^0.2.2:
  version "0.2.2"
  resolved "https://registry.yarnpkg.com/simple-swizzle/-/simple-swizzle-0.2.2.tgz#a4da6b635ffcccca33f70d17cb92592de95e557a"
  dependencies:
    is-arrayish "^0.3.1"

tildify@^1.2.0:
  version "1.2.0"
  resolved "https://registry.yarnpkg.com/tildify/-/tildify-1.2.0.tgz#dcec03f55dca9b7aa3e5b04f21817eb56e63588a"
  dependencies:
    os-homedir "^1.0.0"

url-regex@4.0.0:
  version "4.0.0"
  resolved "https://registry.yarnpkg.com/url-regex/-/url-regex-4.0.0.tgz#eb48fbaf380fbf4c952c76ebd2d2ce00f9b4ca32"
  dependencies:
    ip-regex "^1.0.1"
